
Microsoft Visual Studio Solution File, Format Version 9.00
# Visual Studio 2005
Project("{FAE04EC0-301F-11D3-BF4B-00C04F79EFBC}") = "Parallel", "Parallel\Parallel.csproj", "{A8F18941-D499-4610-9FB7-E1A1CB4C52DE}"
EndProject
Project("{FAE04EC0-301F-11D3-BF4B-00C04F79EFBC}") = "ParallelTests", "Parallel\Tests\ParallelTests.csproj", "{68C52F08-CF35-45D7-97EB-2236E7BD2916}"
EndProject
Global
	GlobalSection(SolutionConfigurationPlatforms) = preSolution
		Debug|Any CPU = Debug|Any CPU
		Release|Any CPU = Release|Any CPU
	EndGlobalSection
	GlobalSection(ProjectConfigurationPlatforms) = postSolution
		{A8F18941-D499-4610-9FB7-E1A1CB4C52DE}.Debug|Any CPU.ActiveCfg = Debug|Any CPU
		{A8F18941-D499-4610-9FB7-E1A1CB4C52DE}.Debug|Any CPU.Build.0 = Debug|Any CPU
		{A8F18941-D499-4610-9FB7-E1A1CB4C52DE}.Release|Any CPU.ActiveCfg = Release|Any CPU
		{A8F18941-D499-4610-9FB7-E1A1CB4C52DE}.Release|Any CPU.Build.0 = Release|Any CPU
		{68C52F08-CF35-45D7-97EB-2236E7BD2916}.Debug|Any CPU.ActiveCfg = Debug|Any CPU
		{68C52F08-CF35-45D7-97EB-2236E7BD2916}.Debug|Any CPU.Build.0 = Debug|Any CPU
		{68C52F08-CF35-45D7-97EB-2236E7BD2916}.Release|Any CPU.ActiveCfg = Release|Any CPU
		{68C52F08-CF35-45D7-97EB-2236E7BD2916}.Release|Any CPU.Build.0 = Release|Any CPU
	EndGlobalSection
	GlobalSection(SolutionProperties) = preSolution
		HideSolutionNode = FALSE
	EndGlobalSection
EndGlobal
